
Microsoft Visual Studio Solution File, Format Version 12.00
# Visual Studio Version 17
VisualStudioVersion = 17.9.34607.119
MinimumVisualStudioVersion = 10.0.40219.1
Project("{FAE04EC0-301F-11D3-BF4B-00C04F79EFBC}") = "Assignment_ADO.NETWebAPI&MVCApp", "Assignment_ADO.NETWebAPI&MVCApp.csproj", "{7DD0751E-1AD8-4200-A2DD-00AE63D03031}"
EndProject
Global
	GlobalSection(SolutionConfigurationPlatforms) = preSolution
		Debug|Any CPU = Debug|Any CPU
		Release|Any CPU = Release|Any CPU
	EndGlobalSection
	GlobalSection(ProjectConfigurationPlatforms) = postSolution
		{7DD0751E-1AD8-4200-A2DD-00AE63D03031}.Debug|Any CPU.ActiveCfg = Debug|Any CPU
		{7DD0751E-1AD8-4200-A2DD-00AE63D03031}.Debug|Any CPU.Build.0 = Debug|Any CPU
		{7DD0751E-1AD8-4200-A2DD-00AE63D03031}.Release|Any CPU.ActiveCfg = Release|Any CPU
		{7DD0751E-1AD8-4200-A2DD-00AE63D03031}.Release|Any CPU.Build.0 = Release|Any CPU
	EndGlobalSection
	GlobalSection(SolutionProperties) = preSolution
		HideSolutionNode = FALSE
	EndGlobalSection
	GlobalSection(ExtensibilityGlobals) = postSolution
		SolutionGuid = {6CF016DF-BD8D-4C11-821B-5BBA7D3CA69B}
	EndGlobalSection
EndGlobal
